
Microsoft Visual Studio Solution File, Format Version 12.00
# Visual Studio Version 16
VisualStudioVersion = 16.0.30225.117
MinimumVisualStudioVersion = 10.0.40219.1
Project("{9A19103F-16F7-4668-BE54-9A1E7A4F7556}") = "PrefixTree", "PrefixTree\PrefixTree.csproj", "{426D521B-E8CD-4002-9327-625BC03536C3}"
EndProject
Project("{9A19103F-16F7-4668-BE54-9A1E7A4F7556}") = "PrefixTreeTests", "PrefixTreeTests\PrefixTreeTests.csproj", "{779F92F2-E172-4E0F-85F8-F384BE6CE9C3}"
EndProject
Global
	GlobalSection(SolutionConfigurationPlatforms) = preSolution
		Debug|Any CPU = Debug|Any CPU
		Release|Any CPU = Release|Any CPU
	EndGlobalSection
	GlobalSection(ProjectConfigurationPlatforms) = postSolution
		{426D521B-E8CD-4002-9327-625BC03536C3}.Debug|Any CPU.ActiveCfg = Debug|Any CPU
		{426D521B-E8CD-4002-9327-625BC03536C3}.Debug|Any CPU.Build.0 = Debug|Any CPU
		{426D521B-E8CD-4002-9327-625BC03536C3}.Release|Any CPU.ActiveCfg = Release|Any CPU
		{426D521B-E8CD-4002-9327-625BC03536C3}.Release|Any CPU.Build.0 = Release|Any CPU
		{779F92F2-E172-4E0F-85F8-F384BE6CE9C3}.Debug|Any CPU.ActiveCfg = Debug|Any CPU
		{779F92F2-E172-4E0F-85F8-F384BE6CE9C3}.Debug|Any CPU.Build.0 = Debug|Any CPU
		{779F92F2-E172-4E0F-85F8-F384BE6CE9C3}.Release|Any CPU.ActiveCfg = Release|Any CPU
		{779F92F2-E172-4E0F-85F8-F384BE6CE9C3}.Release|Any CPU.Build.0 = Release|Any CPU
	EndGlobalSection
	GlobalSection(SolutionProperties) = preSolution
		HideSolutionNode = FALSE
	EndGlobalSection
	GlobalSection(ExtensibilityGlobals) = postSolution
		SolutionGuid = {E32DA5EC-6670-4F12-8223-65B94CDBCC8E}
	EndGlobalSection
EndGlobal
